lockfileVersion: '6.0'

settings:
  autoInstallPeers: true
  excludeLinksFromLockfile: false

dependencies:
  '@samual/lib':
    specifier: ^0.9.1
    version: 0.9.1
  binaryen:
    specifier: ^116.0.0
    version: 116.0.0

devDependencies:
  '@total-typescript/ts-reset':
    specifier: ^0.5.1
    version: 0.5.1
  '@types/node':
    specifier: ^20.11.16
    version: 20.11.16
  typescript:
    specifier: ^5.3.3
    version: 5.3.3

packages:

  /@samual/lib@0.9.1:
    resolution: {integrity: sha512-Sotk9j4UtJH0nchK9qIxYShZUu6LKl7mKl+F39aY8hba0EbSQ7dJ17m2vBGAcz5K5aodHJ1E72+6L8e405LMqQ==}
    engines: {node: '>=20'}
    optionalDependencies:
      valibot: 0.25.0
    dev: false

  /@total-typescript/ts-reset@0.5.1:
    resolution: {integrity: sha512-AqlrT8YA1o7Ff5wPfMOL0pvL+1X+sw60NN6CcOCqs658emD6RfiXhF7Gu9QcfKBH7ELY2nInLhKSCWVoNL70MQ==}
    dev: true

  /@types/node@20.11.16:
    resolution: {integrity: sha512-gKb0enTmRCzXSSUJDq6/sPcqrfCv2mkkG6Jt/clpn5eiCbKTY+SgZUxo+p8ZKMof5dCp9vHQUAB7wOUTod22wQ==}
    dependencies:
      undici-types: 5.26.5
    dev: true

  /binaryen@116.0.0:
    resolution: {integrity: sha512-Hp0dXC6Cb/rTwWEoUS2BRghObE7g/S9umKtxuTDt3f61G6fNTE/YVew/ezyy3IdHcLx3f17qfh6LwETgCfvWkQ==}
    hasBin: true
    dev: false

  /typescript@5.3.3:
    resolution: {integrity: sha512-pXWcraxM0uxAS+tN0AG/BF2TyqmHO014Z070UsJ+pFvYuRSq8KH8DmWpnbXe0pEPDHXZV3FcAbJkijJ5oNEnWw==}
    engines: {node: '>=14.17'}
    hasBin: true
    dev: true

  /undici-types@5.26.5:
    resolution: {integrity: sha512-JlCMO+ehdEIKqlFxk6IfVoAUVmgz7cU7zD/h9XZ0qzeosSHmUJVOzSQvvYSYWXkFXC+IfLKSIffhv0sVZup6pA==}
    dev: true

  /valibot@0.25.0:
    resolution: {integrity: sha512-cmD0ca15oyAbT75iYLNW6uU6doAeIwYfOshpXka/E1Bx4frzbkrgb7gvkI7K0YK/DVOksei4FfxWfRoBP3NFTg==}
    requiresBuild: true
    dev: false
    optional: true
